
Microsoft Visual Studio Solution File, Format Version 12.00
# Visual Studio Version 17
VisualStudioVersion = 17.4.33122.133
MinimumVisualStudioVersion = 10.0.40219.1
Project("{FAE04EC0-301F-11D3-BF4B-00C04F79EFBC}") = "ControlMod2", "ControlMod2\ControlMod2.csproj", "{4B9435B4-6F76-4A59-8A54-C21AA0541843}"
EndProject
Global
	GlobalSection(SolutionConfigurationPlatforms) = preSolution
		Debug|Any CPU = Debug|Any CPU
		Release|Any CPU = Release|Any CPU
	EndGlobalSection
	GlobalSection(ProjectConfigurationPlatforms) = postSolution
		{4B9435B4-6F76-4A59-8A54-C21AA0541843}.Debug|Any CPU.ActiveCfg = Debug|Any CPU
		{4B9435B4-6F76-4A59-8A54-C21AA0541843}.Debug|Any CPU.Build.0 = Debug|Any CPU
		{4B9435B4-6F76-4A59-8A54-C21AA0541843}.Release|Any CPU.ActiveCfg = Release|Any CPU
		{4B9435B4-6F76-4A59-8A54-C21AA0541843}.Release|Any CPU.Build.0 = Release|Any CPU
	EndGlobalSection
	GlobalSection(SolutionProperties) = preSolution
		HideSolutionNode = FALSE
	EndGlobalSection
	GlobalSection(ExtensibilityGlobals) = postSolution
		SolutionGuid = {38F63214-764C-4BE5-B554-2976347D62B7}
	EndGlobalSection
EndGlobal
